
Microsoft Visual Studio Solution File, Format Version 12.00
# Visual Studio 15
VisualStudioVersion = 15.0.28010.2036
MinimumVisualStudioVersion = 10.0.40219.1
Project("{FAE04EC0-301F-11D3-BF4B-00C04F79EFBC}") = "Axh.Fit.Endomondo", "Axh.Fit.Endomondo\Axh.Fit.Endomondo.csproj", "{AFCBFFE0-A29C-44D2-B34A-35B984A0EFF1}"
EndProject
Global
	GlobalSection(SolutionConfigurationPlatforms) = preSolution
		Debug|Any CPU = Debug|Any CPU
		Release|Any CPU = Release|Any CPU
	EndGlobalSection
	GlobalSection(ProjectConfigurationPlatforms) = postSolution
		{AFCBFFE0-A29C-44D2-B34A-35B984A0EFF1}.Debug|Any CPU.ActiveCfg = Debug|Any CPU
		{AFCBFFE0-A29C-44D2-B34A-35B984A0EFF1}.Debug|Any CPU.Build.0 = Debug|Any CPU
		{AFCBFFE0-A29C-44D2-B34A-35B984A0EFF1}.Release|Any CPU.ActiveCfg = Release|Any CPU
		{AFCBFFE0-A29C-44D2-B34A-35B984A0EFF1}.Release|Any CPU.Build.0 = Release|Any CPU
	EndGlobalSection
	GlobalSection(SolutionProperties) = preSolution
		HideSolutionNode = FALSE
	EndGlobalSection
	GlobalSection(ExtensibilityGlobals) = postSolution
		SolutionGuid = {27185E87-3135-4B71-98FD-368381BAE657}
	EndGlobalSection
EndGlobal
